<?xml version="1.0" encoding="UTF-8"?>
<!DOCTYPE plist PUBLIC "-//Apple//DTD PLIST 1.0//EN" "http://www.apple.com/DTDs/PropertyList-1.0.dtd">
<plist version="1.0">
<dict>
	<key>archiveVersion</key>
	<string>1</string>
	<key>classes</key>
	<dict/>
	<key>objectVersion</key>
	<string>46</string>
	<key>objects</key>
	<dict>
		<key>35E6476F8E3247E6A7015DC7</key>
		<dict>
			<key>includeInIndex</key>
			<string>1</string>
			<key>isa</key>
			<string>PBXFileReference</string>
			<key>lastKnownFileType</key>
			<string>text.xcconfig</string>
			<key>name</key>
			<string>Pods.xcconfig</string>
			<key>path</key>
			<string>Pods/Pods.xcconfig</string>
			<key>sourceTree</key>
			<string>&lt;group&gt;</string>
		</dict>
		<key>4A908E39954C461F80B2792F</key>
		<dict>
			<key>buildActionMask</key>
			<string>2147483647</string>
			<key>files</key>
			<array/>
			<key>inputPaths</key>
			<array/>
			<key>isa</key>
			<string>PBXShellScriptBuildPhase</string>
			<key>name</key>
			<string>Check Pods Manifest.lock</string>
			<key>outputPaths</key>
			<array/>
			<key>runOnlyForDeploymentPostprocessing</key>
			<string>0</string>
			<key>shellPath</key>
			<string>/bin/sh</string>
			<key>shellScript</key>
			<string>diff "${PODS_ROOT}/../Podfile.lock" "${PODS_ROOT}/Manifest.lock" &gt; /dev/null
if [[ $? != 0 ]] ; then
    cat &lt;&lt; EOM
error: The sandbox is not in sync with the Podfile.lock. Run 'pod install' or update your CocoaPods installation.
EOM
    exit 1
fi
</string>
			<key>showEnvVarsInLog</key>
			<string>0</string>
		</dict>
		<key>4E1F8B46188D9FF100A57EF9</key>
		<dict>
			<key>children</key>
			<array>
				<string>4E1F8B58188D9FF100A57EF9</string>
				<string>4E1F8B77188D9FF100A57EF9</string>
				<string>4E1F8B51188D9FF100A57EF9</string>
				<string>4E1F8B50188D9FF100A57EF9</string>
				<string>35E6476F8E3247E6A7015DC7</string>
			</array>
			<key>isa</key>
			<string>PBXGroup</string>
			<key>sourceTree</key>
			<string>&lt;group&gt;</string>
		</dict>
		<key>4E1F8B47188D9FF100A57EF9</key>
		<dict>
			<key>attributes</key>
			<dict>
				<key>LastUpgradeCheck</key>
				<string>0500</string>
				<key>ORGANIZATIONNAME</key>
				<string>Ivan Lesko</string>
				<key>TargetAttributes</key>
				<dict>
					<key>4E1F8B6F188D9FF100A57EF9</key>
					<dict>
						<key>TestTargetID</key>
						<string>4E1F8B4E188D9FF100A57EF9</string>
					</dict>
				</dict>
			</dict>
			<key>buildConfigurationList</key>
			<string>4E1F8B4A188D9FF100A57EF9</string>
			<key>compatibilityVersion</key>
			<string>Xcode 3.2</string>
			<key>developmentRegion</key>
			<string>English</string>
			<key>hasScannedForEncodings</key>
			<string>0</string>
			<key>isa</key>
			<string>PBXProject</string>
			<key>knownRegions</key>
			<array>
				<string>en</string>
				<string>Base</string>
			</array>
			<key>mainGroup</key>
			<string>4E1F8B46188D9FF100A57EF9</string>
			<key>productRefGroup</key>
			<string>4E1F8B50188D9FF100A57EF9</string>
			<key>projectDirPath</key>
			<string></string>
			<key>projectReferences</key>
			<array/>
			<key>projectRoot</key>
			<string></string>
			<key>targets</key>
			<array>
				<string>4E1F8B4E188D9FF100A57EF9</string>
				<string>4E1F8B6F188D9FF100A57EF9</string>
			</array>
		</dict>
		<key>4E1F8B4A188D9FF100A57EF9</key>
		<dict>
			<key>buildConfigurations</key>
			<array>
				<string>4E1F8B7F188D9FF100A57EF9</string>
				<string>4E1F8B80188D9FF100A57EF9</string>
			</array>
			<key>defaultConfigurationIsVisible</key>
			<string>0</string>
			<key>defaultConfigurationName</key>
			<string>Release</string>
			<key>isa</key>
			<string>XCConfigurationList</string>
		</dict>
		<key>4E1F8B4B188D9FF100A57EF9</key>
		<dict>
			<key>buildActionMask</key>
			<string>2147483647</string>
			<key>files</key>
			<array>
				<string>4EAC1525188F220000A70B2C</string>
				<string>4EAC1522188F181B00A70B2C</string>
				<string>4E1F8B69188D9FF100A57EF9</string>
				<string>4E1F8BD0188E264700A57EF9</string>
				<string>4E1F8B63188D9FF100A57EF9</string>
				<string>4E1F8B5F188D9FF100A57EF9</string>
				<string>4E1F8BCD188DB0F200A57EF9</string>
			</array>
			<key>isa</key>
			<string>PBXSourcesBuildPhase</string>
			<key>runOnlyForDeploymentPostprocessing</key>
			<string>0</string>
		</dict>
		<key>4E1F8B4C188D9FF100A57EF9</key>
		<dict>
			<key>buildActionMask</key>
			<string>2147483647</string>
			<key>files</key>
			<array>
				<string>4EEA5E9C188E37FB0090F410</string>
				<string>4E1F8B55188D9FF100A57EF9</string>
				<string>4E1F8B57188D9FF100A57EF9</string>
				<string>4E1F8B53188D9FF100A57EF9</string>
				<string>9B4942D3C87A4407BB36CF90</string>
			</array>
			<key>isa</key>
			<string>PBXFrameworksBuildPhase</string>
			<key>runOnlyForDeploymentPostprocessing</key>
			<string>0</string>
		</dict>
		<key>4E1F8B4D188D9FF100A57EF9</key>
		<dict>
			<key>buildActionMask</key>
			<string>2147483647</string>
			<key>files</key>
			<array>
				<string>4E1F8B6B188D9FF100A57EF9</string>
				<string>4E1F8B5D188D9FF100A57EF9</string>
				<string>4E2AA221188EF60D00594B5D</string>
				<string>4E1F8B66188D9FF100A57EF9</string>
			</array>
			<key>isa</key>
			<string>PBXResourcesBuildPhase</string>
			<key>runOnlyForDeploymentPostprocessing</key>
			<string>0</string>
		</dict>
		<key>4E1F8B4E188D9FF100A57EF9</key>
		<dict>
			<key>buildConfigurationList</key>
			<string>4E1F8B81188D9FF100A57EF9</string>
			<key>buildPhases</key>
			<array>
				<string>4A908E39954C461F80B2792F</string>
				<string>4E1F8B4B188D9FF100A57EF9</string>
				<string>4E1F8B4C188D9FF100A57EF9</string>
				<string>4E1F8B4D188D9FF100A57EF9</string>
				<string>D3F71FC96F544BB5B66C4D20</string>
			</array>
			<key>buildRules</key>
			<array/>
			<key>dependencies</key>
			<array/>
			<key>isa</key>
			<string>PBXNativeTarget</string>
			<key>name</key>
			<string>MorseTorch</string>
			<key>productName</key>
			<string>MorseTorch</string>
			<key>productReference</key>
			<string>4E1F8B4F188D9FF100A57EF9</string>
			<key>productType</key>
			<string>com.apple.product-type.application</string>
		</dict>
		<key>4E1F8B4F188D9FF100A57EF9</key>
		<dict>
			<key>explicitFileType</key>
			<string>wrapper.application</string>
			<key>includeInIndex</key>
			<string>0</string>
			<key>isa</key>
			<string>PBXFileReference</string>
			<key>path</key>
			<string>MorseTorch.app</string>
			<key>sourceTree</key>
			<string>BUILT_PRODUCTS_DIR</string>
		</dict>
		<key>4E1F8B50188D9FF100A57EF9</key>
		<dict>
			<key>children</key>
			<array>
				<string>4E1F8B4F188D9FF100A57EF9</string>
				<string>4E1F8B70188D9FF100A57EF9</string>
			</array>
			<key>isa</key>
			<string>PBXGroup</string>
			<key>name</key>
			<string>Products</string>
			<key>sourceTree</key>
			<string>&lt;group&gt;</string>
		</dict>
		<key>4E1F8B51188D9FF100A57EF9</key>
		<dict>
			<key>children</key>
			<array>
				<string>4EEA5E9B188E37FB0090F410</string>
				<string>4E1F8B52188D9FF100A57EF9</string>
				<string>4E1F8B54188D9FF100A57EF9</string>
				<string>4E1F8B56188D9FF100A57EF9</string>
				<string>4E1F8B71188D9FF100A57EF9</string>
				<string>D63F904FBF9D455E947BB4F1</string>
			</array>
			<key>isa</key>
			<string>PBXGroup</string>
			<key>name</key>
			<string>Frameworks</string>
			<key>sourceTree</key>
			<string>&lt;group&gt;</string>
		</dict>
		<key>4E1F8B52188D9FF100A57EF9</key>
		<dict>
			<key>isa</key>
			<string>PBXFileReference</string>
			<key>lastKnownFileType</key>
			<string>wrapper.framework</string>
			<key>name</key>
			<string>Foundation.framework</string>
			<key>path</key>
			<string>System/Library/Frameworks/Foundation.framework</string>
			<key>sourceTree</key>
			<string>SDKROOT</string>
		</dict>
		<key>4E1F8B53188D9FF100A57EF9</key>
		<dict>
			<key>fileRef</key>
			<string>4E1F8B52188D9FF100A57EF9</string>
			<key>isa</key>
			<string>PBXBuildFile</string>
		</dict>
		<key>4E1F8B54188D9FF100A57EF9</key>
		<dict>
			<key>isa</key>
			<string>PBXFileReference</string>
			<key>lastKnownFileType</key>
			<string>wrapper.framework</string>
			<key>name</key>
			<string>CoreGraphics.framework</string>
			<key>path</key>
			<string>System/Library/Frameworks/CoreGraphics.framework</string>
			<key>sourceTree</key>
			<string>SDKROOT</string>
		</dict>
		<key>4E1F8B55188D9FF100A57EF9</key>
		<dict>
			<key>fileRef</key>
			<string>4E1F8B54188D9FF100A57EF9</string>
			<key>isa</key>
			<string>PBXBuildFile</string>
		</dict>
		<key>4E1F8B56188D9FF100A57EF9</key>
		<dict>
			<key>isa</key>
			<string>PBXFileReference</string>
			<key>lastKnownFileType</key>
			<string>wrapper.framework</string>
			<key>name</key>
			<string>UIKit.framework</string>
			<key>path</key>
			<string>System/Library/Frameworks/UIKit.framework</string>
			<key>sourceTree</key>
			<string>SDKROOT</string>
		</dict>
		<key>4E1F8B57188D9FF100A57EF9</key>
		<dict>
			<key>fileRef</key>
			<string>4E1F8B56188D9FF100A57EF9</string>
			<key>isa</key>
			<string>PBXBuildFile</string>
		</dict>
		<key>4E1F8B58188D9FF100A57EF9</key>
		<dict>
			<key>children</key>
			<array>
				<string>4E2AA220188EF60D00594B5D</string>
				<string>4E1F8B61188D9FF100A57EF9</string>
				<string>4E1F8B62188D9FF100A57EF9</string>
				<string>4E1F8B64188D9FF100A57EF9</string>
				<string>4E1F8B67188D9FF100A57EF9</string>
				<string>4E1F8B68188D9FF100A57EF9</string>
				<string>4EAC1523188F220000A70B2C</string>
				<string>4EAC1524188F220000A70B2C</string>
				<string>4E1F8B6A188D9FF100A57EF9</string>
				<string>4EAC1526188F2F3F00A70B2C</string>
				<string>4E1F8B59188D9FF100A57EF9</string>
			</array>
			<key>isa</key>
			<string>PBXGroup</string>
			<key>path</key>
			<string>MorseTorch</string>
			<key>sourceTree</key>
			<string>&lt;group&gt;</string>
		</dict>
		<key>4E1F8B59188D9FF100A57EF9</key>
		<dict>
			<key>children</key>
			<array>
				<string>4E1F8B5A188D9FF100A57EF9</string>
				<string>4E1F8B5B188D9FF100A57EF9</string>
				<string>4E1F8B5E188D9FF100A57EF9</string>
				<string>4E1F8B60188D9FF100A57EF9</string>
			</array>
			<key>isa</key>
			<string>PBXGroup</string>
			<key>name</key>
			<string>Supporting Files</string>
			<key>sourceTree</key>
			<string>&lt;group&gt;</string>
		</dict>
		<key>4E1F8B5A188D9FF100A57EF9</key>
		<dict>
			<key>isa</key>
			<string>PBXFileReference</string>
			<key>lastKnownFileType</key>
			<string>text.plist.xml</string>
			<key>path</key>
			<string>MorseTorch-Info.plist</string>
			<key>sourceTree</key>
			<string>&lt;group&gt;</string>
		</dict>
		<key>4E1F8B5B188D9FF100A57EF9</key>
		<dict>
			<key>children</key>
			<array>
				<string>4E1F8B5C188D9FF100A57EF9</string>
			</array>
			<key>isa</key>
			<string>PBXVariantGroup</string>
			<key>name</key>
			<string>InfoPlist.strings</string>
			<key>sourceTree</key>
			<string>&lt;group&gt;</string>
		</dict>
		<key>4E1F8B5C188D9FF100A57EF9</key>
		<dict>
			<key>isa</key>
			<string>PBXFileReference</string>
			<key>lastKnownFileType</key>
			<string>text.plist.strings</string>
			<key>name</key>
			<string>en</string>
			<key>path</key>
			<string>en.lproj/InfoPlist.strings</string>
			<key>sourceTree</key>
			<string>&lt;group&gt;</string>
		</dict>
		<key>4E1F8B5D188D9FF100A57EF9</key>
		<dict>
			<key>fileRef</key>
			<string>4E1F8B5B188D9FF100A57EF9</string>
			<key>isa</key>
			<string>PBXBuildFile</string>
		</dict>
		<key>4E1F8B5E188D9FF100A57EF9</key>
		<dict>
			<key>isa</key>
			<string>PBXFileReference</string>
			<key>lastKnownFileType</key>
			<string>sourcecode.c.objc</string>
			<key>path</key>
			<string>main.m</string>
			<key>sourceTree</key>
			<string>&lt;group&gt;</string>
		</dict>
		<key>4E1F8B5F188D9FF100A57EF9</key>
		<dict>
			<key>fileRef</key>
			<string>4E1F8B5E188D9FF100A57EF9</string>
			<key>isa</key>
			<string>PBXBuildFile</string>
		</dict>
		<key>4E1F8B60188D9FF100A57EF9</key>
		<dict>
			<key>isa</key>
			<string>PBXFileReference</string>
			<key>lastKnownFileType</key>
			<string>sourcecode.c.h</string>
			<key>path</key>
			<string>MorseTorch-Prefix.pch</string>
			<key>sourceTree</key>
			<string>&lt;group&gt;</string>
		</dict>
		<key>4E1F8B61188D9FF100A57EF9</key>
		<dict>
			<key>isa</key>
			<string>PBXFileReference</string>
			<key>lastKnownFileType</key>
			<string>sourcecode.c.h</string>
			<key>path</key>
			<string>AppDelegate.h</string>
			<key>sourceTree</key>
			<string>&lt;group&gt;</string>
		</dict>
		<key>4E1F8B62188D9FF100A57EF9</key>
		<dict>
			<key>isa</key>
			<string>PBXFileReference</string>
			<key>lastKnownFileType</key>
			<string>sourcecode.c.objc</string>
			<key>path</key>
			<string>AppDelegate.m</string>
			<key>sourceTree</key>
			<string>&lt;group&gt;</string>
		</dict>
		<key>4E1F8B63188D9FF100A57EF9</key>
		<dict>
			<key>fileRef</key>
			<string>4E1F8B62188D9FF100A57EF9</string>
			<key>isa</key>
			<string>PBXBuildFile</string>
		</dict>
		<key>4E1F8B64188D9FF100A57EF9</key>
		<dict>
			<key>children</key>
			<array>
				<string>4E1F8B65188D9FF100A57EF9</string>
			</array>
			<key>isa</key>
			<string>PBXVariantGroup</string>
			<key>name</key>
			<string>Main.storyboard</string>
			<key>sourceTree</key>
			<string>&lt;group&gt;</string>
		</dict>
		<key>4E1F8B65188D9FF100A57EF9</key>
		<dict>
			<key>isa</key>
			<string>PBXFileReference</string>
			<key>lastKnownFileType</key>
			<string>file.storyboard</string>
			<key>name</key>
			<string>Base</string>
			<key>path</key>
			<string>Base.lproj/Main.storyboard</string>
			<key>sourceTree</key>
			<string>&lt;group&gt;</string>
		</dict>
		<key>4E1F8B66188D9FF100A57EF9</key>
		<dict>
			<key>fileRef</key>
			<string>4E1F8B64188D9FF100A57EF9</string>
			<key>isa</key>
			<string>PBXBuildFile</string>
		</dict>
		<key>4E1F8B67188D9FF100A57EF9</key>
		<dict>
			<key>isa</key>
			<string>PBXFileReference</string>
			<key>lastKnownFileType</key>
			<string>sourcecode.c.h</string>
			<key>path</key>
			<string>ViewController.h</string>
			<key>sourceTree</key>
			<string>&lt;group&gt;</string>
		</dict>
		<key>4E1F8B68188D9FF100A57EF9</key>
		<dict>
			<key>isa</key>
			<string>PBXFileReference</string>
			<key>lastKnownFileType</key>
			<string>sourcecode.c.objc</string>
			<key>path</key>
			<string>ViewController.m</string>
			<key>sourceTree</key>
			<string>&lt;group&gt;</string>
		</dict>
		<key>4E1F8B69188D9FF100A57EF9</key>
		<dict>
			<key>fileRef</key>
			<string>4E1F8B68188D9FF100A57EF9</string>
			<key>isa</key>
			<string>PBXBuildFile</string>
		</dict>
		<key>4E1F8B6A188D9FF100A57EF9</key>
		<dict>
			<key>isa</key>
			<string>PBXFileReference</string>
			<key>lastKnownFileType</key>
			<string>folder.assetcatalog</string>
			<key>path</key>
			<string>Images.xcassets</string>
			<key>sourceTree</key>
			<string>&lt;group&gt;</string>
		</dict>
		<key>4E1F8B6B188D9FF100A57EF9</key>
		<dict>
			<key>fileRef</key>
			<string>4E1F8B6A188D9FF100A57EF9</string>
			<key>isa</key>
			<string>PBXBuildFile</string>
		</dict>
		<key>4E1F8B6C188D9FF100A57EF9</key>
		<dict>
			<key>buildActionMask</key>
			<string>2147483647</string>
			<key>files</key>
			<array>
				<string>4E1F8B7E188D9FF100A57EF9</string>
			</array>
			<key>isa</key>
			<string>PBXSourcesBuildPhase</string>
			<key>runOnlyForDeploymentPostprocessing</key>
			<string>0</string>
		</dict>
		<key>4E1F8B6D188D9FF100A57EF9</key>
		<dict>
			<key>buildActionMask</key>
			<string>2147483647</string>
			<key>files</key>
			<array>
				<string>4E1F8B72188D9FF100A57EF9</string>
				<string>4E1F8B74188D9FF100A57EF9</string>
				<string>4E1F8B73188D9FF100A57EF9</string>
			</array>
			<key>isa</key>
			<string>PBXFrameworksBuildPhase</string>
			<key>runOnlyForDeploymentPostprocessing</key>
			<string>0</string>
		</dict>
		<key>4E1F8B6E188D9FF100A57EF9</key>
		<dict>
			<key>buildActionMask</key>
			<string>2147483647</string>
			<key>files</key>
			<array>
				<string>4E1F8B7C188D9FF100A57EF9</string>
			</array>
			<key>isa</key>
			<string>PBXResourcesBuildPhase</string>
			<key>runOnlyForDeploymentPostprocessing</key>
			<string>0</string>
		</dict>
		<key>4E1F8B6F188D9FF100A57EF9</key>
		<dict>
			<key>buildConfigurationList</key>
			<string>4E1F8B84188D9FF100A57EF9</string>
			<key>buildPhases</key>
			<array>
				<string>4E1F8B6C188D9FF100A57EF9</string>
				<string>4E1F8B6D188D9FF100A57EF9</string>
				<string>4E1F8B6E188D9FF100A57EF9</string>
			</array>
			<key>buildRules</key>
			<array/>
			<key>dependencies</key>
			<array>
				<string>4E1F8B76188D9FF100A57EF9</string>
			</array>
			<key>isa</key>
			<string>PBXNativeTarget</string>
			<key>name</key>
			<string>MorseTorchTests</string>
			<key>productName</key>
			<string>MorseTorchTests</string>
			<key>productReference</key>
			<string>4E1F8B70188D9FF100A57EF9</string>
			<key>productType</key>
			<string>com.apple.product-type.bundle.unit-test</string>
		</dict>
		<key>4E1F8B70188D9FF100A57EF9</key>
		<dict>
			<key>explicitFileType</key>
			<string>wrapper.cfbundle</string>
			<key>includeInIndex</key>
			<string>0</string>
			<key>isa</key>
			<string>PBXFileReference</string>
			<key>path</key>
			<string>MorseTorchTests.xctest</string>
			<key>sourceTree</key>
			<string>BUILT_PRODUCTS_DIR</string>
		</dict>
		<key>4E1F8B71188D9FF100A57EF9</key>
		<dict>
			<key>isa</key>
			<string>PBXFileReference</string>
			<key>lastKnownFileType</key>
			<string>wrapper.framework</string>
			<key>name</key>
			<string>XCTest.framework</string>
			<key>path</key>
			<string>Library/Frameworks/XCTest.framework</string>
			<key>sourceTree</key>
			<string>DEVELOPER_DIR</string>
		</dict>
		<key>4E1F8B72188D9FF100A57EF9</key>
		<dict>
			<key>fileRef</key>
			<string>4E1F8B71188D9FF100A57EF9</string>
			<key>isa</key>
			<string>PBXBuildFile</string>
		</dict>
		<key>4E1F8B73188D9FF100A57EF9</key>
		<dict>
			<key>fileRef</key>
			<string>4E1F8B52188D9FF100A57EF9</string>
			<key>isa</key>
			<string>PBXBuildFile</string>
		</dict>
		<key>4E1F8B74188D9FF100A57EF9</key>
		<dict>
			<key>fileRef</key>
			<string>4E1F8B56188D9FF100A57EF9</string>
			<key>isa</key>
			<string>PBXBuildFile</string>
		</dict>
		<key>4E1F8B75188D9FF100A57EF9</key>
		<dict>
			<key>containerPortal</key>
			<string>4E1F8B47188D9FF100A57EF9</string>
			<key>isa</key>
			<string>PBXContainerItemProxy</string>
			<key>proxyType</key>
			<string>1</string>
			<key>remoteGlobalIDString</key>
			<string>4E1F8B4E188D9FF100A57EF9</string>
			<key>remoteInfo</key>
			<string>MorseTorch</string>
		</dict>
		<key>4E1F8B76188D9FF100A57EF9</key>
		<dict>
			<key>isa</key>
			<string>PBXTargetDependency</string>
			<key>target</key>
			<string>4E1F8B4E188D9FF100A57EF9</string>
			<key>targetProxy</key>
			<string>4E1F8B75188D9FF100A57EF9</string>
		</dict>
		<key>4E1F8B77188D9FF100A57EF9</key>
		<dict>
			<key>children</key>
			<array>
				<string>4E1F8B7D188D9FF100A57EF9</string>
				<string>4E1F8B78188D9FF100A57EF9</string>
			</array>
			<key>isa</key>
			<string>PBXGroup</string>
			<key>path</key>
			<string>MorseTorchTests</string>
			<key>sourceTree</key>
			<string>&lt;group&gt;</string>
		</dict>
		<key>4E1F8B78188D9FF100A57EF9</key>
		<dict>
			<key>children</key>
			<array>
				<string>4E1F8B79188D9FF100A57EF9</string>
				<string>4E1F8B7A188D9FF100A57EF9</string>
			</array>
			<key>isa</key>
			<string>PBXGroup</string>
			<key>name</key>
			<string>Supporting Files</string>
			<key>sourceTree</key>
			<string>&lt;group&gt;</string>
		</dict>
		<key>4E1F8B79188D9FF100A57EF9</key>
		<dict>
			<key>isa</key>
			<string>PBXFileReference</string>
			<key>lastKnownFileType</key>
			<string>text.plist.xml</string>
			<key>path</key>
			<string>MorseTorchTests-Info.plist</string>
			<key>sourceTree</key>
			<string>&lt;group&gt;</string>
		</dict>
		<key>4E1F8B7A188D9FF100A57EF9</key>
		<dict>
			<key>children</key>
			<array>
				<string>4E1F8B7B188D9FF100A57EF9</string>
			</array>
			<key>isa</key>
			<string>PBXVariantGroup</string>
			<key>name</key>
			<string>InfoPlist.strings</string>
			<key>sourceTree</key>
			<string>&lt;group&gt;</string>
		</dict>
		<key>4E1F8B7B188D9FF100A57EF9</key>
		<dict>
			<key>isa</key>
			<string>PBXFileReference</string>
			<key>lastKnownFileType</key>
			<string>text.plist.strings</string>
			<key>name</key>
			<string>en</string>
			<key>path</key>
			<string>en.lproj/InfoPlist.strings</string>
			<key>sourceTree</key>
			<string>&lt;group&gt;</string>
		</dict>
		<key>4E1F8B7C188D9FF100A57EF9</key>
		<dict>
			<key>fileRef</key>
			<string>4E1F8B7A188D9FF100A57EF9</string>
			<key>isa</key>
			<string>PBXBuildFile</string>
		</dict>
		<key>4E1F8B7D188D9FF100A57EF9</key>
		<dict>
			<key>isa</key>
			<string>PBXFileReference</string>
			<key>lastKnownFileType</key>
			<string>sourcecode.c.objc</string>
			<key>path</key>
			<string>MorseTorchTests.m</string>
			<key>sourceTree</key>
			<string>&lt;group&gt;</string>
		</dict>
		<key>4E1F8B7E188D9FF100A57EF9</key>
		<dict>
			<key>fileRef</key>
			<string>4E1F8B7D188D9FF100A57EF9</string>
			<key>isa</key>
			<string>PBXBuildFile</string>
		</dict>
		<key>4E1F8B7F188D9FF100A57EF9</key>
		<dict>
			<key>buildSettings</key>
			<dict>
				<key>ALWAYS_SEARCH_USER_PATHS</key>
				<string>NO</string>
				<key>ARCHS</key>
				<string>$(ARCHS_STANDARD_INCLUDING_64_BIT)</string>
				<key>CLANG_CXX_LANGUAGE_STANDARD</key>
				<string>gnu++0x</string>
				<key>CLANG_CXX_LIBRARY</key>
				<string>libc++</string>
				<key>CLANG_ENABLE_MODULES</key>
				<string>YES</string>
				<key>CLANG_ENABLE_OBJC_ARC</key>
				<string>YES</string>
				<key>CLANG_WARN_BOOL_CONVERSION</key>
				<string>YES</string>
				<key>CLANG_WARN_CONSTANT_CONVERSION</key>
				<string>YES</string>
				<key>CLANG_WARN_DIRECT_OBJC_ISA_USAGE</key>
				<string>YES_ERROR</string>
				<key>CLANG_WARN_EMPTY_BODY</key>
				<string>YES</string>
				<key>CLANG_WARN_ENUM_CONVERSION</key>
				<string>YES</string>
				<key>CLANG_WARN_INT_CONVERSION</key>
				<string>YES</string>
				<key>CLANG_WARN_OBJC_ROOT_CLASS</key>
				<string>YES_ERROR</string>
				<key>CLANG_WARN__DUPLICATE_METHOD_MATCH</key>
				<string>YES</string>
				<key>CODE_SIGN_IDENTITY[sdk=iphoneos*]</key>
				<string>iPhone Developer</string>
				<key>COPY_PHASE_STRIP</key>
				<string>NO</string>
				<key>GCC_C_LANGUAGE_STANDARD</key>
				<string>gnu99</string>
				<key>GCC_DYNAMIC_NO_PIC</key>
				<string>NO</string>
				<key>GCC_OPTIMIZATION_LEVEL</key>
				<string>0</string>
				<key>GCC_PREPROCESSOR_DEFINITIONS</key>
				<array>
					<string>DEBUG=1</string>
					<string>$(inherited)</string>
				</array>
				<key>GCC_SYMBOLS_PRIVATE_EXTERN</key>
				<string>NO</string>
				<key>GCC_WARN_64_TO_32_BIT_CONVERSION</key>
				<string>YES</string>
				<key>GCC_WARN_ABOUT_RETURN_TYPE</key>
				<string>YES_ERROR</string>
				<key>GCC_WARN_UNDECLARED_SELECTOR</key>
				<string>YES</string>
				<key>GCC_WARN_UNINITIALIZED_AUTOS</key>
				<string>YES</string>
				<key>GCC_WARN_UNUSED_FUNCTION</key>
				<string>YES</string>
				<key>GCC_WARN_UNUSED_VARIABLE</key>
				<string>YES</string>
				<key>IPHONEOS_DEPLOYMENT_TARGET</key>
				<string>7.0</string>
				<key>ONLY_ACTIVE_ARCH</key>
				<string>YES</string>
				<key>SDKROOT</key>
				<string>iphoneos</string>
			</dict>
			<key>isa</key>
			<string>XCBuildConfiguration</string>
			<key>name</key>
			<string>Debug</string>
		</dict>
		<key>4E1F8B80188D9FF100A57EF9</key>
		<dict>
			<key>buildSettings</key>
			<dict>
				<key>ALWAYS_SEARCH_USER_PATHS</key>
				<string>NO</string>
				<key>ARCHS</key>
				<string>$(ARCHS_STANDARD_INCLUDING_64_BIT)</string>
				<key>CLANG_CXX_LANGUAGE_STANDARD</key>
				<string>gnu++0x</string>
				<key>CLANG_CXX_LIBRARY</key>
				<string>libc++</string>
				<key>CLANG_ENABLE_MODULES</key>
				<string>YES</string>
				<key>CLANG_ENABLE_OBJC_ARC</key>
				<string>YES</string>
				<key>CLANG_WARN_BOOL_CONVERSION</key>
				<string>YES</string>
				<key>CLANG_WARN_CONSTANT_CONVERSION</key>
				<string>YES</string>
				<key>CLANG_WARN_DIRECT_OBJC_ISA_USAGE</key>
				<string>YES_ERROR</string>
				<key>CLANG_WARN_EMPTY_BODY</key>
				<string>YES</string>
				<key>CLANG_WARN_ENUM_CONVERSION</key>
				<string>YES</string>
				<key>CLANG_WARN_INT_CONVERSION</key>
				<string>YES</string>
				<key>CLANG_WARN_OBJC_ROOT_CLASS</key>
				<string>YES_ERROR</string>
				<key>CLANG_WARN__DUPLICATE_METHOD_MATCH</key>
				<string>YES</string>
				<key>CODE_SIGN_IDENTITY[sdk=iphoneos*]</key>
				<string>iPhone Developer</string>
				<key>COPY_PHASE_STRIP</key>
				<string>YES</string>
				<key>ENABLE_NS_ASSERTIONS</key>
				<string>NO</string>
				<key>GCC_C_LANGUAGE_STANDARD</key>
				<string>gnu99</string>
				<key>GCC_WARN_64_TO_32_BIT_CONVERSION</key>
				<string>YES</string>
				<key>GCC_WARN_ABOUT_RETURN_TYPE</key>
				<string>YES_ERROR</string>
				<key>GCC_WARN_UNDECLARED_SELECTOR</key>
				<string>YES</string>
				<key>GCC_WARN_UNINITIALIZED_AUTOS</key>
				<string>YES</string>
				<key>GCC_WARN_UNUSED_FUNCTION</key>
				<string>YES</string>
				<key>GCC_WARN_UNUSED_VARIABLE</key>
				<string>YES</string>
				<key>IPHONEOS_DEPLOYMENT_TARGET</key>
				<string>7.0</string>
				<key>SDKROOT</key>
				<string>iphoneos</string>
				<key>VALIDATE_PRODUCT</key>
				<string>YES</string>
			</dict>
			<key>isa</key>
			<string>XCBuildConfiguration</string>
			<key>name</key>
			<string>Release</string>
		</dict>
		<key>4E1F8B81188D9FF100A57EF9</key>
		<dict>
			<key>buildConfigurations</key>
			<array>
				<string>4E1F8B82188D9FF100A57EF9</string>
				<string>4E1F8B83188D9FF100A57EF9</string>
			</array>
			<key>defaultConfigurationIsVisible</key>
			<string>0</string>
			<key>defaultConfigurationName</key>
			<string>Release</string>
			<key>isa</key>
			<string>XCConfigurationList</string>
		</dict>
		<key>4E1F8B82188D9FF100A57EF9</key>
		<dict>
			<key>baseConfigurationReference</key>
			<string>35E6476F8E3247E6A7015DC7</string>
			<key>buildSettings</key>
			<dict>
				<key>ASSETCATALOG_COMPILER_APPICON_NAME</key>
				<string>AppIcon</string>
				<key>ASSETCATALOG_COMPILER_LAUNCHIMAGE_NAME</key>
				<string>LaunchImage</string>
				<key>GCC_PRECOMPILE_PREFIX_HEADER</key>
				<string>YES</string>
				<key>GCC_PREFIX_HEADER</key>
				<string>MorseTorch/MorseTorch-Prefix.pch</string>
				<key>INFOPLIST_FILE</key>
				<string>MorseTorch/MorseTorch-Info.plist</string>
				<key>PRODUCT_NAME</key>
				<string>$(TARGET_NAME)</string>
				<key>WRAPPER_EXTENSION</key>
				<string>app</string>
			</dict>
			<key>isa</key>
			<string>XCBuildConfiguration</string>
			<key>name</key>
			<string>Debug</string>
		</dict>
		<key>4E1F8B83188D9FF100A57EF9</key>
		<dict>
			<key>baseConfigurationReference</key>
			<string>35E6476F8E3247E6A7015DC7</string>
			<key>buildSettings</key>
			<dict>
				<key>ASSETCATALOG_COMPILER_APPICON_NAME</key>
				<string>AppIcon</string>
				<key>ASSETCATALOG_COMPILER_LAUNCHIMAGE_NAME</key>
				<string>LaunchImage</string>
				<key>GCC_PRECOMPILE_PREFIX_HEADER</key>
				<string>YES</string>
				<key>GCC_PREFIX_HEADER</key>
				<string>MorseTorch/MorseTorch-Prefix.pch</string>
				<key>INFOPLIST_FILE</key>
				<string>MorseTorch/MorseTorch-Info.plist</string>
				<key>PRODUCT_NAME</key>
				<string>$(TARGET_NAME)</string>
				<key>WRAPPER_EXTENSION</key>
				<string>app</string>
			</dict>
			<key>isa</key>
			<string>XCBuildConfiguration</string>
			<key>name</key>
			<string>Release</string>
		</dict>
		<key>4E1F8B84188D9FF100A57EF9</key>
		<dict>
			<key>buildConfigurations</key>
			<array>
				<string>4E1F8B85188D9FF100A57EF9</string>
				<string>4E1F8B86188D9FF100A57EF9</string>
			</array>
			<key>defaultConfigurationIsVisible</key>
			<string>0</string>
			<key>defaultConfigurationName</key>
			<string>Release</string>
			<key>isa</key>
			<string>XCConfigurationList</string>
		</dict>
		<key>4E1F8B85188D9FF100A57EF9</key>
		<dict>
			<key>buildSettings</key>
			<dict>
				<key>ARCHS</key>
				<string>$(ARCHS_STANDARD_INCLUDING_64_BIT)</string>
				<key>BUNDLE_LOADER</key>
				<string>$(BUILT_PRODUCTS_DIR)/MorseTorch.app/MorseTorch</string>
				<key>FRAMEWORK_SEARCH_PATHS</key>
				<array>
					<string>$(SDKROOT)/Developer/Library/Frameworks</string>
					<string>$(inherited)</string>
					<string>$(DEVELOPER_FRAMEWORKS_DIR)</string>
				</array>
				<key>GCC_PRECOMPILE_PREFIX_HEADER</key>
				<string>YES</string>
				<key>GCC_PREFIX_HEADER</key>
				<string>MorseTorch/MorseTorch-Prefix.pch</string>
				<key>GCC_PREPROCESSOR_DEFINITIONS</key>
				<array>
					<string>DEBUG=1</string>
					<string>$(inherited)</string>
				</array>
				<key>INFOPLIST_FILE</key>
				<string>MorseTorchTests/MorseTorchTests-Info.plist</string>
				<key>PRODUCT_NAME</key>
				<string>$(TARGET_NAME)</string>
				<key>TEST_HOST</key>
				<string>$(BUNDLE_LOADER)</string>
				<key>WRAPPER_EXTENSION</key>
				<string>xctest</string>
			</dict>
			<key>isa</key>
			<string>XCBuildConfiguration</string>
			<key>name</key>
			<string>Debug</string>
		</dict>
		<key>4E1F8B86188D9FF100A57EF9</key>
		<dict>
			<key>buildSettings</key>
			<dict>
				<key>ARCHS</key>
				<string>$(ARCHS_STANDARD_INCLUDING_64_BIT)</string>
				<key>BUNDLE_LOADER</key>
				<string>$(BUILT_PRODUCTS_DIR)/MorseTorch.app/MorseTorch</string>
				<key>FRAMEWORK_SEARCH_PATHS</key>
				<array>
					<string>$(SDKROOT)/Developer/Library/Frameworks</string>
					<string>$(inherited)</string>
					<string>$(DEVELOPER_FRAMEWORKS_DIR)</string>
				</array>
				<key>GCC_PRECOMPILE_PREFIX_HEADER</key>
				<string>YES</string>
				<key>GCC_PREFIX_HEADER</key>
				<string>MorseTorch/MorseTorch-Prefix.pch</string>
				<key>INFOPLIST_FILE</key>
				<string>MorseTorchTests/MorseTorchTests-Info.plist</string>
				<key>PRODUCT_NAME</key>
				<string>$(TARGET_NAME)</string>
				<key>TEST_HOST</key>
				<string>$(BUNDLE_LOADER)</string>
				<key>WRAPPER_EXTENSION</key>
				<string>xctest</string>
			</dict>
			<key>isa</key>
			<string>XCBuildConfiguration</string>
			<key>name</key>
			<string>Release</string>
		</dict>
		<key>4E1F8BCB188DB0F200A57EF9</key>
		<dict>
			<key>fileEncoding</key>
			<string>4</string>
			<key>isa</key>
			<string>PBXFileReference</string>
			<key>lastKnownFileType</key>
			<string>sourcecode.c.h</string>
			<key>path</key>
			<string>NSString+MorseCode.h</string>
			<key>sourceTree</key>
			<string>&lt;group&gt;</string>
		</dict>
		<key>4E1F8BCC188DB0F200A57EF9</key>
		<dict>
			<key>fileEncoding</key>
			<string>4</string>
			<key>isa</key>
			<string>PBXFileReference</string>
			<key>lastKnownFileType</key>
			<string>sourcecode.c.objc</string>
			<key>path</key>
			<string>NSString+MorseCode.m</string>
			<key>sourceTree</key>
			<string>&lt;group&gt;</string>
		</dict>
		<key>4E1F8BCD188DB0F200A57EF9</key>
		<dict>
			<key>fileRef</key>
			<string>4E1F8BCC188DB0F200A57EF9</string>
			<key>isa</key>
			<string>PBXBuildFile</string>
		</dict>
		<key>4E1F8BCE188E264700A57EF9</key>
		<dict>
			<key>fileEncoding</key>
			<string>4</string>
			<key>isa</key>
			<string>PBXFileReference</string>
			<key>lastKnownFileType</key>
			<string>sourcecode.c.h</string>
			<key>path</key>
			<string>NSCharacterSet+CustomSets.h</string>
			<key>sourceTree</key>
			<string>&lt;group&gt;</string>
		</dict>
		<key>4E1F8BCF188E264700A57EF9</key>
		<dict>
			<key>fileEncoding</key>
			<string>4</string>
			<key>isa</key>
			<string>PBXFileReference</string>
			<key>lastKnownFileType</key>
			<string>sourcecode.c.objc</string>
			<key>path</key>
			<string>NSCharacterSet+CustomSets.m</string>
			<key>sourceTree</key>
			<string>&lt;group&gt;</string>
		</dict>
		<key>4E1F8BD0188E264700A57EF9</key>
		<dict>
			<key>fileRef</key>
			<string>4E1F8BCF188E264700A57EF9</string>
			<key>isa</key>
			<string>PBXBuildFile</string>
		</dict>
		<key>4E2AA220188EF60D00594B5D</key>
		<dict>
			<key>isa</key>
			<string>PBXFileReference</string>
			<key>lastKnownFileType</key>
			<string>image.jpeg</string>
			<key>path</key>
			<string>puppy.jpg</string>
			<key>sourceTree</key>
			<string>&lt;group&gt;</string>
		</dict>
		<key>4E2AA221188EF60D00594B5D</key>
		<dict>
			<key>fileRef</key>
			<string>4E2AA220188EF60D00594B5D</string>
			<key>isa</key>
			<string>PBXBuildFile</string>
		</dict>
		<key>4EAC1520188F181B00A70B2C</key>
		<dict>
			<key>fileEncoding</key>
			<string>4</string>
			<key>isa</key>
			<string>PBXFileReference</string>
			<key>lastKnownFileType</key>
			<string>sourcecode.c.h</string>
			<key>path</key>
			<string>NSDictionary+MorseCode.h</string>
			<key>sourceTree</key>
			<string>&lt;group&gt;</string>
		</dict>
		<key>4EAC1521188F181B00A70B2C</key>
		<dict>
			<key>fileEncoding</key>
			<string>4</string>
			<key>isa</key>
			<string>PBXFileReference</string>
			<key>lastKnownFileType</key>
			<string>sourcecode.c.objc</string>
			<key>path</key>
			<string>NSDictionary+MorseCode.m</string>
			<key>sourceTree</key>
			<string>&lt;group&gt;</string>
		</dict>
		<key>4EAC1522188F181B00A70B2C</key>
		<dict>
			<key>fileRef</key>
			<string>4EAC1521188F181B00A70B2C</string>
			<key>isa</key>
			<string>PBXBuildFile</string>
		</dict>
		<key>4EAC1523188F220000A70B2C</key>
		<dict>
			<key>fileEncoding</key>
			<string>4</string>
			<key>isa</key>
			<string>PBXFileReference</string>
			<key>lastKnownFileType</key>
			<string>sourcecode.c.h</string>
			<key>path</key>
			<string>TorchController.h</string>
			<key>sourceTree</key>
			<string>&lt;group&gt;</string>
		</dict>
		<key>4EAC1524188F220000A70B2C</key>
		<dict>
			<key>fileEncoding</key>
			<string>4</string>
			<key>isa</key>
			<string>PBXFileReference</string>
			<key>lastKnownFileType</key>
			<string>sourcecode.c.objc</string>
			<key>path</key>
			<string>TorchController.m</string>
			<key>sourceTree</key>
			<string>&lt;group&gt;</string>
		</dict>
		<key>4EAC1525188F220000A70B2C</key>
		<dict>
			<key>fileRef</key>
			<string>4EAC1524188F220000A70B2C</string>
			<key>isa</key>
			<string>PBXBuildFile</string>
		</dict>
		<key>4EAC1526188F2F3F00A70B2C</key>
		<dict>
			<key>children</key>
			<array>
				<string>4E1F8BCB188DB0F200A57EF9</string>
				<string>4E1F8BCC188DB0F200A57EF9</string>
				<string>4E1F8BCE188E264700A57EF9</string>
				<string>4E1F8BCF188E264700A57EF9</string>
				<string>4EAC1520188F181B00A70B2C</string>
				<string>4EAC1521188F181B00A70B2C</string>
			</array>
			<key>isa</key>
			<string>PBXGroup</string>
			<key>name</key>
			<string>Categories</string>
			<key>sourceTree</key>
			<string>&lt;group&gt;</string>
		</dict>
		<key>4EEA5E9B188E37FB0090F410</key>
		<dict>
			<key>isa</key>
			<string>PBXFileReference</string>
			<key>lastKnownFileType</key>
			<string>wrapper.framework</string>
			<key>name</key>
			<string>AVFoundation.framework</string>
			<key>path</key>
			<string>System/Library/Frameworks/AVFoundation.framework</string>
			<key>sourceTree</key>
			<string>SDKROOT</string>
		</dict>
		<key>4EEA5E9C188E37FB0090F410</key>
		<dict>
			<key>fileRef</key>
			<string>4EEA5E9B188E37FB0090F410</string>
			<key>isa</key>
			<string>PBXBuildFile</string>
		</dict>
		<key>9B4942D3C87A4407BB36CF90</key>
		<dict>
			<key>fileRef</key>
			<string>D63F904FBF9D455E947BB4F1</string>
			<key>isa</key>
			<string>PBXBuildFile</string>
		</dict>
		<key>D3F71FC96F544BB5B66C4D20</key>
		<dict>
			<key>buildActionMask</key>
			<string>2147483647</string>
			<key>files</key>
			<array/>
			<key>inputPaths</key>
			<array/>
			<key>isa</key>
			<string>PBXShellScriptBuildPhase</string>
			<key>name</key>
			<string>Copy Pods Resources</string>
			<key>outputPaths</key>
			<array/>
			<key>runOnlyForDeploymentPostprocessing</key>
			<string>0</string>
			<key>shellPath</key>
			<string>/bin/sh</string>
			<key>shellScript</key>
			<string>"${SRCROOT}/Pods/Pods-resources.sh"
</string>
			<key>showEnvVarsInLog</key>
			<string>0</string>
		</dict>
		<key>D63F904FBF9D455E947BB4F1</key>
		<dict>
			<key>explicitFileType</key>
			<string>archive.ar</string>
			<key>includeInIndex</key>
			<string>0</string>
			<key>isa</key>
			<string>PBXFileReference</string>
			<key>path</key>
			<string>libPods.a</string>
			<key>sourceTree</key>
			<string>BUILT_PRODUCTS_DIR</string>
		</dict>
	</dict>
	<key>rootObject</key>
	<string>4E1F8B47188D9FF100A57EF9</string>
</dict>
</plist>
